
Microsoft Visual Studio Solution File, Format Version 12.00
Project("{FAE04EC0-301F-11D3-BF4B-00C04F79EFBC}") = "GpxViewer2", "src\GpxViewer2\GpxViewer2.csproj", "{5A5908C7-89C6-4EF9-B762-7DC48C6F4EFB}"
EndProject
Global
	GlobalSection(SolutionConfigurationPlatforms) = preSolution
		Debug|Any CPU = Debug|Any CPU
		Release|Any CPU = Release|Any CPU
	EndGlobalSection
	GlobalSection(ProjectConfigurationPlatforms) = postSolution
		{5A5908C7-89C6-4EF9-B762-7DC48C6F4EFB}.Debug|Any CPU.ActiveCfg = Debug|Any CPU
		{5A5908C7-89C6-4EF9-B762-7DC48C6F4EFB}.Debug|Any CPU.Build.0 = Debug|Any CPU
		{5A5908C7-89C6-4EF9-B762-7DC48C6F4EFB}.Release|Any CPU.ActiveCfg = Release|Any CPU
		{5A5908C7-89C6-4EF9-B762-7DC48C6F4EFB}.Release|Any CPU.Build.0 = Release|Any CPU
	EndGlobalSection
EndGlobal
